
Microsoft Visual Studio Solution File, Format Version 12.00
# Visual Studio Version 16
VisualStudioVersion = 16.0.31205.134
MinimumVisualStudioVersion = 10.0.40219.1
Project("{FAE04EC0-301F-11D3-BF4B-00C04F79EFBC}") = "O09CTQ_PreWrite", "O09CTQ_PreWrite.csproj", "{A948C69D-E92D-46A4-B36D-3CBF8535D90C}"
EndProject
Project("{FAE04EC0-301F-11D3-BF4B-00C04F79EFBC}") = "O09CTQ_PreWrite.UTest", "O09CTQ_PreWrite.UTest\O09CTQ_PreWrite.UTest.csproj", "{1E1E2D2E-108F-4B64-A15E-4A7BD54E24C1}"
EndProject
Global
	GlobalSection(SolutionConfigurationPlatforms) = preSolution
		Debug|Any CPU = Debug|Any CPU
		Release|Any CPU = Release|Any CPU
	EndGlobalSection
	GlobalSection(ProjectConfigurationPlatforms) = postSolution
		{A948C69D-E92D-46A4-B36D-3CBF8535D90C}.Debug|Any CPU.ActiveCfg = Debug|Any CPU
		{A948C69D-E92D-46A4-B36D-3CBF8535D90C}.Debug|Any CPU.Build.0 = Debug|Any CPU
		{A948C69D-E92D-46A4-B36D-3CBF8535D90C}.Release|Any CPU.ActiveCfg = Release|Any CPU
		{A948C69D-E92D-46A4-B36D-3CBF8535D90C}.Release|Any CPU.Build.0 = Release|Any CPU
		{1E1E2D2E-108F-4B64-A15E-4A7BD54E24C1}.Debug|Any CPU.ActiveCfg = Debug|Any CPU
		{1E1E2D2E-108F-4B64-A15E-4A7BD54E24C1}.Debug|Any CPU.Build.0 = Debug|Any CPU
		{1E1E2D2E-108F-4B64-A15E-4A7BD54E24C1}.Release|Any CPU.ActiveCfg = Release|Any CPU
		{1E1E2D2E-108F-4B64-A15E-4A7BD54E24C1}.Release|Any CPU.Build.0 = Release|Any CPU
	EndGlobalSection
	GlobalSection(SolutionProperties) = preSolution
		HideSolutionNode = FALSE
	EndGlobalSection
	GlobalSection(ExtensibilityGlobals) = postSolution
		SolutionGuid = {21A7B16B-ACEC-42F0-BE7C-B7A2EAC40765}
	EndGlobalSection
EndGlobal
